
Microsoft Visual Studio Solution File, Format Version 12.00
# Visual Studio Version 16
VisualStudioVersion = 16.0.30204.135
MinimumVisualStudioVersion = 10.0.40219.1
Project("{9A19103F-16F7-4668-BE54-9A1E7A4F7556}") = "BlockSDK", "BlockSDK\BlockSDK.csproj", "{FAA77CB8-A04D-4E26-9EF7-83F3BC17C698}"
EndProject
Project("{9A19103F-16F7-4668-BE54-9A1E7A4F7556}") = "ConsoleApp", "ConsoleApp\ConsoleApp.csproj", "{69776414-9A6C-4693-8F3D-44FA21D7CEF2}"
EndProject
Global
	GlobalSection(SolutionConfigurationPlatforms) = preSolution
		Debug|Any CPU = Debug|Any CPU
		Release|Any CPU = Release|Any CPU
	EndGlobalSection
	GlobalSection(ProjectConfigurationPlatforms) = postSolution
		{FAA77CB8-A04D-4E26-9EF7-83F3BC17C698}.Debug|Any CPU.ActiveCfg = Debug|Any CPU
		{FAA77CB8-A04D-4E26-9EF7-83F3BC17C698}.Debug|Any CPU.Build.0 = Debug|Any CPU
		{FAA77CB8-A04D-4E26-9EF7-83F3BC17C698}.Release|Any CPU.ActiveCfg = Release|Any CPU
		{FAA77CB8-A04D-4E26-9EF7-83F3BC17C698}.Release|Any CPU.Build.0 = Release|Any CPU
		{69776414-9A6C-4693-8F3D-44FA21D7CEF2}.Debug|Any CPU.ActiveCfg = Debug|Any CPU
		{69776414-9A6C-4693-8F3D-44FA21D7CEF2}.Debug|Any CPU.Build.0 = Debug|Any CPU
		{69776414-9A6C-4693-8F3D-44FA21D7CEF2}.Release|Any CPU.ActiveCfg = Release|Any CPU
		{69776414-9A6C-4693-8F3D-44FA21D7CEF2}.Release|Any CPU.Build.0 = Release|Any CPU
	EndGlobalSection
	GlobalSection(SolutionProperties) = preSolution
		HideSolutionNode = FALSE
	EndGlobalSection
	GlobalSection(ExtensibilityGlobals) = postSolution
		SolutionGuid = {75256DB9-DB67-48B0-AD9B-9F91EF25DE5C}
	EndGlobalSection
EndGlobal
